
Microsoft Visual Studio Solution File, Format Version 12.00
# Visual Studio Version 17
VisualStudioVersion = 17.7.34221.43
MinimumVisualStudioVersion = 10.0.40219.1
Project("{FAE04EC0-301F-11D3-BF4B-00C04F79EFBC}") = "IdendtityCore", "IdendtityCore\IdendtityCore.csproj", "{DABAA47D-E7B8-4085-97C9-EC0A2A33502A}"
EndProject
Global
	GlobalSection(SolutionConfigurationPlatforms) = preSolution
		Debug|Any CPU = Debug|Any CPU
		Release|Any CPU = Release|Any CPU
	EndGlobalSection
	GlobalSection(ProjectConfigurationPlatforms) = postSolution
		{DABAA47D-E7B8-4085-97C9-EC0A2A33502A}.Debug|Any CPU.ActiveCfg = Debug|Any CPU
		{DABAA47D-E7B8-4085-97C9-EC0A2A33502A}.Debug|Any CPU.Build.0 = Debug|Any CPU
		{DABAA47D-E7B8-4085-97C9-EC0A2A33502A}.Release|Any CPU.ActiveCfg = Release|Any CPU
		{DABAA47D-E7B8-4085-97C9-EC0A2A33502A}.Release|Any CPU.Build.0 = Release|Any CPU
	EndGlobalSection
	GlobalSection(SolutionProperties) = preSolution
		HideSolutionNode = FALSE
	EndGlobalSection
	GlobalSection(ExtensibilityGlobals) = postSolution
		SolutionGuid = {E6B3B243-7658-427B-A906-5E82BFF82542}
	EndGlobalSection
EndGlobal
